
Microsoft Visual Studio Solution File, Format Version 12.00
# Visual Studio 15
VisualStudioVersion = 15.0.26124.0
MinimumVisualStudioVersion = 15.0.26124.0
Project("{FAE04EC0-301F-11D3-BF4B-00C04F79EFBC}") = "WebAPI", "WebAPI\WebAPI.csproj", "{18AFC69E-9277-46BC-81C9-1E6737BE6EA3}"
EndProject
Project("{FAE04EC0-301F-11D3-BF4B-00C04F79EFBC}") = "WebAPI.Tests", "WebAPI.Tests\WebAPI.Tests.csproj", "{8389B14A-8FCF-49FC-8403-3A33BEFDA440}"
EndProject
Global
	GlobalSection(SolutionConfigurationPlatforms) = preSolution
		Debug|Any CPU = Debug|Any CPU
		Debug|x64 = Debug|x64
		Debug|x86 = Debug|x86
		Release|Any CPU = Release|Any CPU
		Release|x64 = Release|x64
		Release|x86 = Release|x86
	EndGlobalSection
	GlobalSection(SolutionProperties) = preSolution
		HideSolutionNode = FALSE
	EndGlobalSection
	GlobalSection(ProjectConfigurationPlatforms) = postSolution
		{18AFC69E-9277-46BC-81C9-1E6737BE6EA3}.Debug|Any CPU.ActiveCfg = Debug|Any CPU
		{18AFC69E-9277-46BC-81C9-1E6737BE6EA3}.Debug|Any CPU.Build.0 = Debug|Any CPU
		{18AFC69E-9277-46BC-81C9-1E6737BE6EA3}.Debug|x64.ActiveCfg = Debug|Any CPU
		{18AFC69E-9277-46BC-81C9-1E6737BE6EA3}.Debug|x64.Build.0 = Debug|Any CPU
		{18AFC69E-9277-46BC-81C9-1E6737BE6EA3}.Debug|x86.ActiveCfg = Debug|Any CPU
		{18AFC69E-9277-46BC-81C9-1E6737BE6EA3}.Debug|x86.Build.0 = Debug|Any CPU
		{18AFC69E-9277-46BC-81C9-1E6737BE6EA3}.Release|Any CPU.ActiveCfg = Release|Any CPU
		{18AFC69E-9277-46BC-81C9-1E6737BE6EA3}.Release|Any CPU.Build.0 = Release|Any CPU
		{18AFC69E-9277-46BC-81C9-1E6737BE6EA3}.Release|x64.ActiveCfg = Release|Any CPU
		{18AFC69E-9277-46BC-81C9-1E6737BE6EA3}.Release|x64.Build.0 = Release|Any CPU
		{18AFC69E-9277-46BC-81C9-1E6737BE6EA3}.Release|x86.ActiveCfg = Release|Any CPU
		{18AFC69E-9277-46BC-81C9-1E6737BE6EA3}.Release|x86.Build.0 = Release|Any CPU
		{8389B14A-8FCF-49FC-8403-3A33BEFDA440}.Debug|Any CPU.ActiveCfg = Debug|Any CPU
		{8389B14A-8FCF-49FC-8403-3A33BEFDA440}.Debug|Any CPU.Build.0 = Debug|Any CPU
		{8389B14A-8FCF-49FC-8403-3A33BEFDA440}.Debug|x64.ActiveCfg = Debug|Any CPU
		{8389B14A-8FCF-49FC-8403-3A33BEFDA440}.Debug|x64.Build.0 = Debug|Any CPU
		{8389B14A-8FCF-49FC-8403-3A33BEFDA440}.Debug|x86.ActiveCfg = Debug|Any CPU
		{8389B14A-8FCF-49FC-8403-3A33BEFDA440}.Debug|x86.Build.0 = Debug|Any CPU
		{8389B14A-8FCF-49FC-8403-3A33BEFDA440}.Release|Any CPU.ActiveCfg = Release|Any CPU
		{8389B14A-8FCF-49FC-8403-3A33BEFDA440}.Release|Any CPU.Build.0 = Release|Any CPU
		{8389B14A-8FCF-49FC-8403-3A33BEFDA440}.Release|x64.ActiveCfg = Release|Any CPU
		{8389B14A-8FCF-49FC-8403-3A33BEFDA440}.Release|x64.Build.0 = Release|Any CPU
		{8389B14A-8FCF-49FC-8403-3A33BEFDA440}.Release|x86.ActiveCfg = Release|Any CPU
		{8389B14A-8FCF-49FC-8403-3A33BEFDA440}.Release|x86.Build.0 = Release|Any CPU
	EndGlobalSection
EndGlobal
